
Microsoft Visual Studio Solution File, Format Version 12.00
# Visual Studio 15
VisualStudioVersion = 15.0.28307.136
MinimumVisualStudioVersion = 10.0.40219.1
Project("{FAE04EC0-301F-11D3-BF4B-00C04F79EFBC}") = "WordGuessGame", "WordGuessGame\WordGuessGame.csproj", "{86E6DDD6-1246-4CFF-A769-52E2E1CCBE39}"
EndProject
Project("{9A19103F-16F7-4668-BE54-9A1E7A4F7556}") = "WordGuessTests", "WordGuessTests\WordGuessTests.csproj", "{DBABA2D9-43B3-4665-A79E-EE34451839F4}"
EndProject
Global
	GlobalSection(SolutionConfigurationPlatforms) = preSolution
		Debug|Any CPU = Debug|Any CPU
		Release|Any CPU = Release|Any CPU
	EndGlobalSection
	GlobalSection(ProjectConfigurationPlatforms) = postSolution
		{86E6DDD6-1246-4CFF-A769-52E2E1CCBE39}.Debug|Any CPU.ActiveCfg = Debug|Any CPU
		{86E6DDD6-1246-4CFF-A769-52E2E1CCBE39}.Debug|Any CPU.Build.0 = Debug|Any CPU
		{86E6DDD6-1246-4CFF-A769-52E2E1CCBE39}.Release|Any CPU.ActiveCfg = Release|Any CPU
		{86E6DDD6-1246-4CFF-A769-52E2E1CCBE39}.Release|Any CPU.Build.0 = Release|Any CPU
		{DBABA2D9-43B3-4665-A79E-EE34451839F4}.Debug|Any CPU.ActiveCfg = Debug|Any CPU
		{DBABA2D9-43B3-4665-A79E-EE34451839F4}.Debug|Any CPU.Build.0 = Debug|Any CPU
		{DBABA2D9-43B3-4665-A79E-EE34451839F4}.Release|Any CPU.ActiveCfg = Release|Any CPU
		{DBABA2D9-43B3-4665-A79E-EE34451839F4}.Release|Any CPU.Build.0 = Release|Any CPU
	EndGlobalSection
	GlobalSection(SolutionProperties) = preSolution
		HideSolutionNode = FALSE
	EndGlobalSection
	GlobalSection(ExtensibilityGlobals) = postSolution
		SolutionGuid = {A22C66EC-4A4A-4D52-A954-188FA3C7E15A}
	EndGlobalSection
EndGlobal
